{
  "name": "hvm-visualizer",
  "version": "1.0.9",
  "lockfileVersion": 2,
  "requires": true,
  "packages": {
    "": {
      "name": "hvm-visualizer",
      "version": "1.0.9",
      "license": "MIT",
      "bin": {
        "hvm-visualizer": "index.js"
      },
      "engines": {
        "node": "16"
      }
    }
  }
}
